dependencies:
- name: grafana
  repository: https://grafana.github.io/helm-charts
  version: 10.5.8
- name: loki
  repository: https://grafana.github.io/helm-charts
  version: 6.40.0
- name: promtail
  repository: https://grafana.github.io/helm-charts
  version: 6.17.1
- name: kube-state-metrics
  repository: https://prometheus-community.github.io/helm-charts
  version: 6.4.2
- name: prometheus-node-exporter
  repository: https://prometheus-community.github.io/helm-charts
  version: 4.48.0
- name: victoria-metrics-single
  repository: https://victoriametrics.github.io/helm-charts
  version: 0.24.6
digest: sha256:7ab07c9c3145a0fcb575b3f2846b4351215ccbb2d25e1c7853864f84136d46a7
generated: "2026-02-02T16:54:15.109382082Z"
