dependencies:
- name: grafana
  repository: https://grafana.github.io/helm-charts
  version: 10.0.0
- name: loki
  repository: https://grafana.github.io/helm-charts
  version: 6.40.0
- name: promtail
  repository: https://grafana.github.io/helm-charts
  version: 6.17.1
- name: kube-state-metrics
  repository: https://prometheus-community.github.io/helm-charts
  version: 6.3.0
- name: prometheus-node-exporter
  repository: https://prometheus-community.github.io/helm-charts
  version: 4.48.0
- name: victoria-metrics-single
  repository: https://victoriametrics.github.io/helm-charts
  version: 0.24.6
digest: sha256:d5306c394a044cc8c86290aa07bf6f4340fdc58f4c6a36c25970f1d3c85cfc2f
generated: "2026-01-17T00:20:27.784178664Z"
