dependencies:
- name: grafana
  repository: https://grafana-community.github.io/helm-charts
  version: 13.0.0
- name: loki
  repository: https://grafana.github.io/helm-charts
  version: 7.3.0
- name: promtail
  repository: https://grafana.github.io/helm-charts
  version: 6.17.1
- name: kube-state-metrics
  repository: https://prometheus-community.github.io/helm-charts
  version: 8.4.1
- name: prometheus-node-exporter
  repository: https://prometheus-community.github.io/helm-charts
  version: 4.56.1
- name: victoria-metrics-single
  repository: https://victoriametrics.github.io/helm-charts
  version: 0.45.0
digest: sha256:31495f3ff710096dd20ec326809d787ee7cb0c37ec106cf1a2fd060fb88de2f8
generated: "2026-09-10T18:04:41.776576083Z"
