dependencies:
- name: grafana
  repository: https://grafana-community.github.io/helm-charts
  version: 13.0.1
- name: loki
  repository: https://grafana.github.io/helm-charts
  version: 7.3.0
- name: promtail
  repository: https://grafana.github.io/helm-charts
  version: 6.17.1
- name: kube-state-metrics
  repository: https://prometheus-community.github.io/helm-charts
  version: 8.4.1
- name: prometheus-node-exporter
  repository: https://prometheus-community.github.io/helm-charts
  version: 4.56.3
- name: victoria-metrics-single
  repository: https://victoriametrics.github.io/helm-charts
  version: 0.45.0
digest: sha256:63ee9336dd1651c9e30548e0932276f78860c5ad592b78280f94dbc3a3b52ac1
generated: "2026-09-14T09:36:42.541958036Z"
