dependencies:
- name: grafana
  repository: https://grafana-community.github.io/helm-charts
  version: 12.11.1
- name: loki
  repository: https://grafana.github.io/helm-charts
  version: 7.3.0
- name: promtail
  repository: https://grafana.github.io/helm-charts
  version: 6.17.1
- name: kube-state-metrics
  repository: https://prometheus-community.github.io/helm-charts
  version: 8.4.0
- name: prometheus-node-exporter
  repository: https://prometheus-community.github.io/helm-charts
  version: 4.56.1
- name: victoria-metrics-single
  repository: https://victoriametrics.github.io/helm-charts
  version: 0.45.0
digest: sha256:fb98b0b420eb6a5ef5114cda7c4be3030139b8b3d30821a78dfdd39285ffbef3
generated: "2026-09-05T21:16:50.590673363Z"
