dependencies:
- name: hcloud-cloud-controller-manager
  repository: https://charts.hetzner.cloud
  version: 1.29.0
- name: hcloud-csi
  repository: https://charts.hetzner.cloud
  version: 2.18.3
digest: sha256:21eebff08573a463568e8efad12d073053278a743a02fc0d8359391a65fc1b48
generated: "2026-02-02T16:54:53.500875524Z"
