dependencies:
- name: grafana
  repository: https://grafana.github.io/helm-charts
  version: 8.5.12
- name: loki
  repository: https://grafana.github.io/helm-charts
  version: 6.40.0
- name: promtail
  repository: https://grafana.github.io/helm-charts
  version: 6.17.0
- name: kube-state-metrics
  repository: https://prometheus-community.github.io/helm-charts
  version: 6.3.0
- name: prometheus-node-exporter
  repository: https://prometheus-community.github.io/helm-charts
  version: 4.48.0
- name: victoria-metrics-single
  repository: https://victoriametrics.github.io/helm-charts
  version: 0.24.6
digest: sha256:391e5acb9fee8f82da5a2eda47a92857585fe827aec9dd0d8c40995a8d85eac9
generated: "2025-09-24T18:50:00.60005+01:00"
