dependencies:
- name: hcloud-cloud-controller-manager
  repository: https://charts.hetzner.cloud
  version: 1.36.0
- name: hcloud-csi
  repository: https://charts.hetzner.cloud
  version: 2.22.2
digest: sha256:ba21347fd89a0d22c141e35f83fb26594a3a07f5dc231bc201d3a6180a9ea2d4
generated: "2026-09-14T16:12:56.204512506Z"
